
Microsoft Visual Studio Solution File, Format Version 12.00
# Visual Studio Version 17
VisualStudioVersion = 17.9.34616.47
MinimumVisualStudioVersion = 10.0.40219.1
Project("{8BC9CEB8-8B4A-11D0-8D11-00A0C91BC942}") = "Paradigmaoop2", "Paradigmaoop2\Paradigmaoop2.vcxproj", "{C3E81E80-7846-4952-9265-B0ACE023514F}"
EndProject
Project("{8BC9CEB8-8B4A-11D0-8D11-00A0C91BC942}") = "noOverriding", "noOverriding\noOverriding.vcxproj", "{5297E206-1B36-4D88-AFD7-6AEC94025424}"
EndProject
Global
	GlobalSection(SolutionConfigurationPlatforms) = preSolution
		Debug|x64 = Debug|x64
		Debug|x86 = Debug|x86
		Release|x64 = Release|x64
		Release|x86 = Release|x86
	EndGlobalSection
	GlobalSection(ProjectConfigurationPlatforms) = postSolution
		{C3E81E80-7846-4952-9265-B0ACE023514F}.Debug|x64.ActiveCfg = Debug|x64
		{C3E81E80-7846-4952-9265-B0ACE023514F}.Debug|x64.Build.0 = Debug|x64
		{C3E81E80-7846-4952-9265-B0ACE023514F}.Debug|x86.ActiveCfg = Debug|Win32
		{C3E81E80-7846-4952-9265-B0ACE023514F}.Debug|x86.Build.0 = Debug|Win32
		{C3E81E80-7846-4952-9265-B0ACE023514F}.Release|x64.ActiveCfg = Release|x64
		{C3E81E80-7846-4952-9265-B0ACE023514F}.Release|x64.Build.0 = Release|x64
		{C3E81E80-7846-4952-9265-B0ACE023514F}.Release|x86.ActiveCfg = Release|Win32
		{C3E81E80-7846-4952-9265-B0ACE023514F}.Release|x86.Build.0 = Release|Win32
		{5297E206-1B36-4D88-AFD7-6AEC94025424}.Debug|x64.ActiveCfg = Debug|x64
		{5297E206-1B36-4D88-AFD7-6AEC94025424}.Debug|x64.Build.0 = Debug|x64
		{5297E206-1B36-4D88-AFD7-6AEC94025424}.Debug|x86.ActiveCfg = Debug|Win32
		{5297E206-1B36-4D88-AFD7-6AEC94025424}.Debug|x86.Build.0 = Debug|Win32
		{5297E206-1B36-4D88-AFD7-6AEC94025424}.Release|x64.ActiveCfg = Release|x64
		{5297E206-1B36-4D88-AFD7-6AEC94025424}.Release|x64.Build.0 = Release|x64
		{5297E206-1B36-4D88-AFD7-6AEC94025424}.Release|x86.ActiveCfg = Release|Win32
		{5297E206-1B36-4D88-AFD7-6AEC94025424}.Release|x86.Build.0 = Release|Win32
	EndGlobalSection
	GlobalSection(SolutionProperties) = preSolution
		HideSolutionNode = FALSE
	EndGlobalSection
	GlobalSection(ExtensibilityGlobals) = postSolution
		SolutionGuid = {A25AF354-9B0B-4224-AC00-12941AB7BD62}
	EndGlobalSection
EndGlobal
